
Microsoft Visual Studio Solution File, Format Version 12.00
Project("{FAE04EC0-301F-11D3-BF4B-00C04F79EFBC}") = "Lab2_LeVoKhanhMinh", "Lab2_LeVoKhanhMinh\Lab2_LeVoKhanhMinh.csproj", "{50EE554F-6503-44B0-A8C4-976C002EF016}"
EndProject
Global
	GlobalSection(SolutionConfigurationPlatforms) = preSolution
		Debug|Any CPU = Debug|Any CPU
		Release|Any CPU = Release|Any CPU
	EndGlobalSection
	GlobalSection(ProjectConfigurationPlatforms) = postSolution
		{50EE554F-6503-44B0-A8C4-976C002EF016}.Debug|Any CPU.ActiveCfg = Debug|Any CPU
		{50EE554F-6503-44B0-A8C4-976C002EF016}.Debug|Any CPU.Build.0 = Debug|Any CPU
		{50EE554F-6503-44B0-A8C4-976C002EF016}.Release|Any CPU.ActiveCfg = Release|Any CPU
		{50EE554F-6503-44B0-A8C4-976C002EF016}.Release|Any CPU.Build.0 = Release|Any CPU
	EndGlobalSection
EndGlobal
